
Microsoft Visual Studio Solution File, Format Version 12.00
# Visual Studio 2015
Project("{FAE04EC0-301F-11D3-BF4B-00C04F79EFBC}") = "LeapMotionForceDirectedPinch.CSharp.Plugins", "LeapMotionForceDirectedPinch.CSharp.Plugins.csproj", "{8E0DB944-4727-3F59-A9C2-2AE7A071F517}"
EndProject
Project("{FAE04EC0-301F-11D3-BF4B-00C04F79EFBC}") = "LeapMotionForceDirectedPinch.CSharp", "LeapMotionForceDirectedPinch.CSharp.csproj", "{433E3143-BC3E-8F05-95E8-E5D63F017013}"
EndProject
Project("{FAE04EC0-301F-11D3-BF4B-00C04F79EFBC}") = "LeapMotionForceDirectedPinch.CSharp.Editor", "LeapMotionForceDirectedPinch.CSharp.Editor.csproj", "{B1FCD551-C70E-40E6-749F-C43FB221D95E}"
EndProject
Global
	GlobalSection(SolutionConfigurationPlatforms) = preSolution
		Debug|Any CPU = Debug|Any CPU
		Release|Any CPU = Release|Any CPU
	EndGlobalSection
	GlobalSection(ProjectConfigurationPlatforms) = postSolution
		{8E0DB944-4727-3F59-A9C2-2AE7A071F517}.Debug|Any CPU.ActiveCfg = Debug|Any CPU
		{8E0DB944-4727-3F59-A9C2-2AE7A071F517}.Debug|Any CPU.Build.0 = Debug|Any CPU
		{8E0DB944-4727-3F59-A9C2-2AE7A071F517}.Release|Any CPU.ActiveCfg = Release|Any CPU
		{8E0DB944-4727-3F59-A9C2-2AE7A071F517}.Release|Any CPU.Build.0 = Release|Any CPU
		{433E3143-BC3E-8F05-95E8-E5D63F017013}.Debug|Any CPU.ActiveCfg = Debug|Any CPU
		{433E3143-BC3E-8F05-95E8-E5D63F017013}.Debug|Any CPU.Build.0 = Debug|Any CPU
		{433E3143-BC3E-8F05-95E8-E5D63F017013}.Release|Any CPU.ActiveCfg = Release|Any CPU
		{433E3143-BC3E-8F05-95E8-E5D63F017013}.Release|Any CPU.Build.0 = Release|Any CPU
		{B1FCD551-C70E-40E6-749F-C43FB221D95E}.Debug|Any CPU.ActiveCfg = Debug|Any CPU
		{B1FCD551-C70E-40E6-749F-C43FB221D95E}.Debug|Any CPU.Build.0 = Debug|Any CPU
		{B1FCD551-C70E-40E6-749F-C43FB221D95E}.Release|Any CPU.ActiveCfg = Release|Any CPU
		{B1FCD551-C70E-40E6-749F-C43FB221D95E}.Release|Any CPU.Build.0 = Release|Any CPU
	EndGlobalSection
	GlobalSection(SolutionProperties) = preSolution
		HideSolutionNode = FALSE
	EndGlobalSection
EndGlobal
